
Microsoft Visual Studio Solution File, Format Version 12.00
# Visual Studio 15
VisualStudioVersion = 15.0.28010.2046
MinimumVisualStudioVersion = 10.0.40219.1
Project("{FAE04EC0-301F-11D3-BF4B-00C04F79EFBC}") = "cs-svis", "cs-svis\cs-svis.csproj", "{4524A032-EC00-44E1-A5DE-194FA1841C68}"
EndProject
Global
	GlobalSection(SolutionConfigurationPlatforms) = preSolution
		Debug|Any CPU = Debug|Any CPU
		Release|Any CPU = Release|Any CPU
	EndGlobalSection
	GlobalSection(ProjectConfigurationPlatforms) = postSolution
		{4524A032-EC00-44E1-A5DE-194FA1841C68}.Debug|Any CPU.ActiveCfg = Debug|Any CPU
		{4524A032-EC00-44E1-A5DE-194FA1841C68}.Debug|Any CPU.Build.0 = Debug|Any CPU
		{4524A032-EC00-44E1-A5DE-194FA1841C68}.Release|Any CPU.ActiveCfg = Release|Any CPU
		{4524A032-EC00-44E1-A5DE-194FA1841C68}.Release|Any CPU.Build.0 = Release|Any CPU
	EndGlobalSection
	GlobalSection(SolutionProperties) = preSolution
		HideSolutionNode = FALSE
	EndGlobalSection
	GlobalSection(ExtensibilityGlobals) = postSolution
		SolutionGuid = {C3897217-B591-4B0A-BC09-9969B151F4AA}
	EndGlobalSection
EndGlobal
